{
  "version": 4,
  "terraform_version": "0.12.23",
  "serial": 10,
  "lineage": "54c74edb-187b-434e-b2ea-6ea4a08b260b",
  "outputs": {
    "vpc_id": {
      "value": "vpc-0246dc46f186f2a9b",
      "type": "string"
    }
  },
  "resources": [
    {
      "mode": "managed",
      "type": "aws_vpc",
      "name": "messi",
      "provider": "provider.aws",
      "instances": [
        {
          "schema_version": 1,
          "attributes": {
            "arn": "arn:aws:ec2:ap-southeast-1:893398275561:vpc/vpc-0246dc46f186f2a9b",
            "assign_generated_ipv6_cidr_block": false,
            "cidr_block": "10.0.0.0/16",
            "default_network_acl_id": "acl-01fb919a270bb7cde",
            "default_route_table_id": "rtb-0f43e52dac166239a",
            "default_security_group_id": "sg-0107119fc6d046ade",
            "dhcp_options_id": "dopt-c8cb97af",
            "enable_classiclink": false,
            "enable_classiclink_dns_support": false,
            "enable_dns_hostnames": true,
            "enable_dns_support": true,
            "id": "vpc-0246dc46f186f2a9b",
            "instance_tenancy": "default",
            "ipv6_association_id": "",
            "ipv6_cidr_block": "",
            "main_route_table_id": "rtb-0f43e52dac166239a",
            "owner_id": "893398275561",
            "tags": {
              "Name": "MessiTerraform"
            }
          },
          "private": "eyJzY2hlbWFfdmVyc2lvbiI6IjEifQ=="
        }
      ]
    }
  ]
}
